
Microsoft Visual Studio Solution File, Format Version 12.00
# Visual Studio Version 16
VisualStudioVersion = 16.0.31911.196
MinimumVisualStudioVersion = 10.0.40219.1
Project("{FAE04EC0-301F-11D3-BF4B-00C04F79EFBC}") = "MyMathLib", "MyMathLib\MyMathLib.csproj", "{F8FD51A8-0ABB-4787-92AB-FECB299897F7}"
EndProject
Global
	GlobalSection(SolutionConfigurationPlatforms) = preSolution
		Debug|Any CPU = Debug|Any CPU
		Release|Any CPU = Release|Any CPU
	EndGlobalSection
	GlobalSection(ProjectConfigurationPlatforms) = postSolution
		{F8FD51A8-0ABB-4787-92AB-FECB299897F7}.Debug|Any CPU.ActiveCfg = Debug|Any CPU
		{F8FD51A8-0ABB-4787-92AB-FECB299897F7}.Debug|Any CPU.Build.0 = Debug|Any CPU
		{F8FD51A8-0ABB-4787-92AB-FECB299897F7}.Release|Any CPU.ActiveCfg = Release|Any CPU
		{F8FD51A8-0ABB-4787-92AB-FECB299897F7}.Release|Any CPU.Build.0 = Release|Any CPU
	EndGlobalSection
	GlobalSection(SolutionProperties) = preSolution
		HideSolutionNode = FALSE
	EndGlobalSection
	GlobalSection(ExtensibilityGlobals) = postSolution
		SolutionGuid = {8FBEFC56-3015-4D84-B091-C72238C35DC3}
	EndGlobalSection
EndGlobal
